
Microsoft Visual Studio Solution File, Format Version 12.00
# Visual Studio Version 17
VisualStudioVersion = 17.3.32811.315
MinimumVisualStudioVersion = 10.0.40219.1
Project("{2150E333-8FDC-42A3-9474-1A3956D46DE8}") = "Services", "Services", "{BE8F832D-41E5-454C-BC6D-2C2278D166C2}"
EndProject
Project("{2150E333-8FDC-42A3-9474-1A3956D46DE8}") = "Catalog", "Catalog", "{8ABD2D38-59ED-42A1-BF28-85A06FDA78BB}"
EndProject
Project("{9A19103F-16F7-4668-BE54-9A1E7A4F7556}") = "Catalog.API", "Services\Catalog\Catalog.API\Catalog.API.csproj", "{DC89AC8F-4855-4144-A184-26F1A6F516E4}"
EndProject
Project("{E53339B2-1760-4266-BCC7-CA923CBCF16C}") = "docker-compose", "docker-compose.dcproj", "{5C307EAD-F699-447A-AF43-FF884B9B2A47}"
EndProject
Project("{2150E333-8FDC-42A3-9474-1A3956D46DE8}") = "Basket", "Basket", "{1F516442-D739-4E65-9F55-FD820749C370}"
EndProject
Project("{FAE04EC0-301F-11D3-BF4B-00C04F79EFBC}") = "Basket.API", "Services\Basket\Basket.API\Basket.API.csproj", "{49DEB221-BE79-45F3-B1AD-4C484ED3A305}"
EndProject
Global
	GlobalSection(SolutionConfigurationPlatforms) = preSolution
		Debug|Any CPU = Debug|Any CPU
		Release|Any CPU = Release|Any CPU
	EndGlobalSection
	GlobalSection(ProjectConfigurationPlatforms) = postSolution
		{DC89AC8F-4855-4144-A184-26F1A6F516E4}.Debug|Any CPU.ActiveCfg = Debug|Any CPU
		{DC89AC8F-4855-4144-A184-26F1A6F516E4}.Debug|Any CPU.Build.0 = Debug|Any CPU
		{DC89AC8F-4855-4144-A184-26F1A6F516E4}.Release|Any CPU.ActiveCfg = Release|Any CPU
		{DC89AC8F-4855-4144-A184-26F1A6F516E4}.Release|Any CPU.Build.0 = Release|Any CPU
		{5C307EAD-F699-447A-AF43-FF884B9B2A47}.Debug|Any CPU.ActiveCfg = Debug|Any CPU
		{5C307EAD-F699-447A-AF43-FF884B9B2A47}.Debug|Any CPU.Build.0 = Debug|Any CPU
		{5C307EAD-F699-447A-AF43-FF884B9B2A47}.Release|Any CPU.ActiveCfg = Release|Any CPU
		{5C307EAD-F699-447A-AF43-FF884B9B2A47}.Release|Any CPU.Build.0 = Release|Any CPU
		{49DEB221-BE79-45F3-B1AD-4C484ED3A305}.Debug|Any CPU.ActiveCfg = Debug|Any CPU
		{49DEB221-BE79-45F3-B1AD-4C484ED3A305}.Debug|Any CPU.Build.0 = Debug|Any CPU
		{49DEB221-BE79-45F3-B1AD-4C484ED3A305}.Release|Any CPU.ActiveCfg = Release|Any CPU
		{49DEB221-BE79-45F3-B1AD-4C484ED3A305}.Release|Any CPU.Build.0 = Release|Any CPU
	EndGlobalSection
	GlobalSection(SolutionProperties) = preSolution
		HideSolutionNode = FALSE
	EndGlobalSection
	GlobalSection(NestedProjects) = preSolution
		{8ABD2D38-59ED-42A1-BF28-85A06FDA78BB} = {BE8F832D-41E5-454C-BC6D-2C2278D166C2}
		{DC89AC8F-4855-4144-A184-26F1A6F516E4} = {8ABD2D38-59ED-42A1-BF28-85A06FDA78BB}
		{1F516442-D739-4E65-9F55-FD820749C370} = {BE8F832D-41E5-454C-BC6D-2C2278D166C2}
		{49DEB221-BE79-45F3-B1AD-4C484ED3A305} = {1F516442-D739-4E65-9F55-FD820749C370}
	EndGlobalSection
	GlobalSection(ExtensibilityGlobals) = postSolution
		SolutionGuid = {276B6F6B-0CB2-419B-89A2-CC5ED838474F}
	EndGlobalSection
EndGlobal
